// !$*UTF8*$!
{
	archiveVersion = 1;
	classes = {
	};
	objectVersion = 77;
	objects = {

/* Begin PBXBuildFile section */
		1FA2BE3C2EB30CA300028B3F /* AppDelegate.swift in Sources */ = {isa = PBXBuildFile; fileRef = 1FA2BE282EB30CA300028B3F /* AppDelegate.swift */; };
		1FA2BE3D2EB30CA300028B3F /* PictureItem.swift in Sources */ = {isa = PBXBuildFile; fileRef = 1FA2BE2D2EB30CA300028B3F /* PictureItem.swift */; };
		1FA2BE3E2EB30CA300028B3F /* FetchImageService.swift in Sources */ = {isa = PBXBuildFile; fileRef = 1FA2BE312EB30CA300028B3F /* FetchImageService.swift */; };
		1FA2BE3F2EB30CA300028B3F /* PictureCollectionViewCell.swift in Sources */ = {isa = PBXBuildFile; fileRef = 1FA2BE332EB30CA300028B3F /* PictureCollectionViewCell.swift */; };
		1FA2BE402EB30CA300028B3F /* PictureCollectionViewCellPresenter.swift in Sources */ = {isa = PBXBuildFile; fileRef = 1FA2BE342EB30CA300028B3F /* PictureCollectionViewCellPresenter.swift */; };
		1FA2BE412EB30CA300028B3F /* DisplayPicturesCollectionInteractor.swift in Sources */ = {isa = PBXBuildFile; fileRef = 1FA2BE362EB30CA300028B3F /* DisplayPicturesCollectionInteractor.swift */; };
		1FA2BE422EB30CA300028B3F /* DisplayPicturesCollectionPresenter.swift in Sources */ = {isa = PBXBuildFile; fileRef = 1FA2BE372EB30CA300028B3F /* DisplayPicturesCollectionPresenter.swift */; };
		1FA2BE432EB30CA300028B3F /* DisplayPicturesCollectionViewController.swift in Sources */ = {isa = PBXBuildFile; fileRef = 1FA2BE382EB30CA300028B3F /* DisplayPicturesCollectionViewController.swift */; };
		1FA2BE452EB30CA300028B3F /* LaunchScreen.storyboard in Resources */ = {isa = PBXBuildFile; fileRef = 1FA2BE2B2EB30CA300028B3F /* LaunchScreen.storyboard */; };
		1FA2BE462EB30CA300028B3F /* Assets.xcassets in Resources */ = {isa = PBXBuildFile; fileRef = 1FA2BE2F2EB30CA300028B3F /* Assets.xcassets */; };
		1FA2BE4A2EB30F4D00028B3F /* DisplayPicturesCollectionAssembly.swift in Sources */ = {isa = PBXBuildFile; fileRef = 1FA2BE492EB30F4D00028B3F /* DisplayPicturesCollectionAssembly.swift */; };
/* End PBXBuildFile section */

/* Begin PBXFileReference section */
		1FA2BDF92EB1E7F100028B3F /* DromTest.app */ = {isa = PBXFileReference; explicitFileType = wrapper.application; includeInIndex = 0; path = DromTest.app; sourceTree = BUILT_PRODUCTS_DIR; };
		1FA2BE282EB30CA300028B3F /* AppDelegate.swift */ = {isa = PBXFileReference; lastKnownFileType = sourcecode.swift; path = AppDelegate.swift; sourceTree = "<group>"; };
		1FA2BE292EB30CA300028B3F /* Info.plist */ = {isa = PBXFileReference; lastKnownFileType = text.plist.xml; name = Info.plist; path = DromTest/Application/Info.plist; sourceTree = SOURCE_ROOT; };
		1FA2BE2A2EB30CA300028B3F /* Base */ = {isa = PBXFileReference; lastKnownFileType = file.storyboard; name = Base; path = Base.lproj/LaunchScreen.storyboard; sourceTree = "<group>"; };
		1FA2BE2D2EB30CA300028B3F /* PictureItem.swift */ = {isa = PBXFileReference; lastKnownFileType = sourcecode.swift; path = PictureItem.swift; sourceTree = "<group>"; };
		1FA2BE2F2EB30CA300028B3F /* Assets.xcassets */ = {isa = PBXFileReference; lastKnownFileType = folder.assetcatalog; path = Assets.xcassets; sourceTree = "<group>"; };
		1FA2BE312EB30CA300028B3F /* FetchImageService.swift */ = {isa = PBXFileReference; lastKnownFileType = sourcecode.swift; path = FetchImageService.swift; sourceTree = "<group>"; };
		1FA2BE332EB30CA300028B3F /* PictureCollectionViewCell.swift */ = {isa = PBXFileReference; lastKnownFileType = sourcecode.swift; path = PictureCollectionViewCell.swift; sourceTree = "<group>"; };
		1FA2BE342EB30CA300028B3F /* PictureCollectionViewCellPresenter.swift */ = {isa = PBXFileReference; lastKnownFileType = sourcecode.swift; path = PictureCollectionViewCellPresenter.swift; sourceTree = "<group>"; };
		1FA2BE362EB30CA300028B3F /* DisplayPicturesCollectionInteractor.swift */ = {isa = PBXFileReference; lastKnownFileType = sourcecode.swift; path = DisplayPicturesCollectionInteractor.swift; sourceTree = "<group>"; };
		1FA2BE372EB30CA300028B3F /* DisplayPicturesCollectionPresenter.swift */ = {isa = PBXFileReference; lastKnownFileType = sourcecode.swift; path = DisplayPicturesCollectionPresenter.swift; sourceTree = "<group>"; };
		1FA2BE382EB30CA300028B3F /* DisplayPicturesCollectionViewController.swift */ = {isa = PBXFileReference; lastKnownFileType = sourcecode.swift; path = DisplayPicturesCollectionViewController.swift; sourceTree = "<group>"; };
		1FA2BE492EB30F4D00028B3F /* DisplayPicturesCollectionAssembly.swift */ = {isa = PBXFileReference; lastKnownFileType = sourcecode.swift; path = DisplayPicturesCollectionAssembly.swift; sourceTree = "<group>"; };
/* End PBXFileReference section */

/* Begin PBXFrameworksBuildPhase section */
		1FA2BDF62EB1E7F100028B3F /* Frameworks */ = {
			isa = PBXFrameworksBuildPhase;
			buildActionMask = 2147483647;
			files = (
			);
			runOnlyForDeploymentPostprocessing = 0;
		};
/* End PBXFrameworksBuildPhase section */

/* Begin PBXGroup section */
		1FA2BDF02EB1E7F100028B3F = {
			isa = PBXGroup;
			children = (
				1FA2BE3B2EB30CA300028B3F /* DromTest */,
				1FA2BDFA2EB1E7F100028B3F /* Products */,
			);
			sourceTree = "<group>";
		};
		1FA2BDFA2EB1E7F100028B3F /* Products */ = {
			isa = PBXGroup;
			children = (
				1FA2BDF92EB1E7F100028B3F /* DromTest.app */,
			);
			name = Products;
			sourceTree = "<group>";
		};
		1FA2BE2C2EB30CA300028B3F /* Application */ = {
			isa = PBXGroup;
			children = (
				1FA2BE282EB30CA300028B3F /* AppDelegate.swift */,
				1FA2BE292EB30CA300028B3F /* Info.plist */,
				1FA2BE2B2EB30CA300028B3F /* LaunchScreen.storyboard */,
			);
			path = Application;
			sourceTree = "<group>";
		};
		1FA2BE2E2EB30CA300028B3F /* Entity */ = {
			isa = PBXGroup;
			children = (
				1FA2BE2D2EB30CA300028B3F /* PictureItem.swift */,
			);
			path = Entity;
			sourceTree = "<group>";
		};
		1FA2BE302EB30CA300028B3F /* Resources */ = {
			isa = PBXGroup;
			children = (
				1FA2BE2F2EB30CA300028B3F /* Assets.xcassets */,
			);
			path = Resources;
			sourceTree = "<group>";
		};
		1FA2BE322EB30CA300028B3F /* Services */ = {
			isa = PBXGroup;
			children = (
				1FA2BE312EB30CA300028B3F /* FetchImageService.swift */,
			);
			path = Services;
			sourceTree = "<group>";
		};
		1FA2BE352EB30CA300028B3F /* PictureCollectionViewCell */ = {
			isa = PBXGroup;
			children = (
				1FA2BE332EB30CA300028B3F /* PictureCollectionViewCell.swift */,
				1FA2BE342EB30CA300028B3F /* PictureCollectionViewCellPresenter.swift */,
			);
			path = PictureCollectionViewCell;
			sourceTree = "<group>";
		};
		1FA2BE392EB30CA300028B3F /* DisplayPicturesCollection */ = {
			isa = PBXGroup;
			children = (
				1FA2BE352EB30CA300028B3F /* PictureCollectionViewCell */,
				1FA2BE362EB30CA300028B3F /* DisplayPicturesCollectionInteractor.swift */,
				1FA2BE492EB30F4D00028B3F /* DisplayPicturesCollectionAssembly.swift */,
				1FA2BE372EB30CA300028B3F /* DisplayPicturesCollectionPresenter.swift */,
				1FA2BE382EB30CA300028B3F /* DisplayPicturesCollectionViewController.swift */,
			);
			path = DisplayPicturesCollection;
			sourceTree = "<group>";
		};
		1FA2BE3A2EB30CA300028B3F /* UI */ = {
			isa = PBXGroup;
			children = (
				1FA2BE392EB30CA300028B3F /* DisplayPicturesCollection */,
			);
			path = UI;
			sourceTree = "<group>";
		};
		1FA2BE3B2EB30CA300028B3F /* DromTest */ = {
			isa = PBXGroup;
			children = (
				1FA2BE2C2EB30CA300028B3F /* Application */,
				1FA2BE2E2EB30CA300028B3F /* Entity */,
				1FA2BE302EB30CA300028B3F /* Resources */,
				1FA2BE322EB30CA300028B3F /* Services */,
				1FA2BE3A2EB30CA300028B3F /* UI */,
			);
			path = DromTest;
			sourceTree = "<group>";
		};
/* End PBXGroup section */

/* Begin PBXNativeTarget section */
		1FA2BDF82EB1E7F100028B3F /* DromTest */ = {
			isa = PBXNativeTarget;
			buildConfigurationList = 1FA2BE0C2EB1E7F300028B3F /* Build configuration list for PBXNativeTarget "DromTest" */;
			buildPhases = (
				1FA2BDF52EB1E7F100028B3F /* Sources */,
				1FA2BDF62EB1E7F100028B3F /* Frameworks */,
				1FA2BDF72EB1E7F100028B3F /* Resources */,
			);
			buildRules = (
			);
			dependencies = (
			);
			name = DromTest;
			packageProductDependencies = (
			);
			productName = DromTest;
			productReference = 1FA2BDF92EB1E7F100028B3F /* DromTest.app */;
			productType = "com.apple.product-type.application";
		};
/* End PBXNativeTarget section */

/* Begin PBXProject section */
		1FA2BDF12EB1E7F100028B3F /* Project object */ = {
			isa = PBXProject;
			attributes = {
				BuildIndependentTargetsInParallel = 1;
				LastSwiftUpdateCheck = 2600;
				LastUpgradeCheck = 2600;
				TargetAttributes = {
					1FA2BDF82EB1E7F100028B3F = {
						CreatedOnToolsVersion = 26.0.1;
					};
				};
			};
			buildConfigurationList = 1FA2BDF42EB1E7F100028B3F /* Build configuration list for PBXProject "DromTest" */;
			developmentRegion = en;
			hasScannedForEncodings = 0;
			knownRegions = (
				en,
				Base,
			);
			mainGroup = 1FA2BDF02EB1E7F100028B3F;
			minimizedProjectReferenceProxies = 1;
			preferredProjectObjectVersion = 77;
			productRefGroup = 1FA2BDFA2EB1E7F100028B3F /* Products */;
			projectDirPath = "";
			projectRoot = "";
			targets = (
				1FA2BDF82EB1E7F100028B3F /* DromTest */,
			);
		};
/* End PBXProject section */

/* Begin PBXResourcesBuildPhase section */
		1FA2BDF72EB1E7F100028B3F /* Resources */ = {
			isa = PBXResourcesBuildPhase;
			buildActionMask = 2147483647;
			files = (
				1FA2BE452EB30CA300028B3F /* LaunchScreen.storyboard in Resources */,
				1FA2BE462EB30CA300028B3F /* Assets.xcassets in Resources */,
			);
			runOnlyForDeploymentPostprocessing = 0;
		};
/* End PBXResourcesBuildPhase section */

/* Begin PBXSourcesBuildPhase section */
		1FA2BDF52EB1E7F100028B3F /* Sources */ = {
			isa = PBXSourcesBuildPhase;
			buildActionMask = 2147483647;
			files = (
				1FA2BE3C2EB30CA300028B3F /* AppDelegate.swift in Sources */,
				1FA2BE3D2EB30CA300028B3F /* PictureItem.swift in Sources */,
				1FA2BE3E2EB30CA300028B3F /* FetchImageService.swift in Sources */,
				1FA2BE3F2EB30CA300028B3F /* PictureCollectionViewCell.swift in Sources */,
				1FA2BE402EB30CA300028B3F /* PictureCollectionViewCellPresenter.swift in Sources */,
				1FA2BE4A2EB30F4D00028B3F /* DisplayPicturesCollectionAssembly.swift in Sources */,
				1FA2BE412EB30CA300028B3F /* DisplayPicturesCollectionInteractor.swift in Sources */,
				1FA2BE422EB30CA300028B3F /* DisplayPicturesCollectionPresenter.swift in Sources */,
				1FA2BE432EB30CA300028B3F /* DisplayPicturesCollectionViewController.swift in Sources */,
			);
			runOnlyForDeploymentPostprocessing = 0;
		};
/* End PBXSourcesBuildPhase section */

/* Begin PBXVariantGroup section */
		1FA2BE2B2EB30CA300028B3F /* LaunchScreen.storyboard */ = {
			isa = PBXVariantGroup;
			children = (
				1FA2BE2A2EB30CA300028B3F /* Base */,
			);
			name = LaunchScreen.storyboard;
			sourceTree = "<group>";
		};
/* End PBXVariantGroup section */

/* Begin XCBuildConfiguration section */
		1FA2BE0D2EB1E7F300028B3F /* Debug */ = {
			isa = XCBuildConfiguration;
			buildSettings = {
				ASSETCATALOG_COMPILER_APPICON_NAME = AppIcon;
				ASSETCATALOG_COMPILER_GLOBAL_ACCENT_COLOR_NAME = AccentColor;
				CODE_SIGN_STYLE = Automatic;
				CURRENT_PROJECT_VERSION = 1;
				DEVELOPMENT_TEAM = 6PXD6WC3AQ;
				GENERATE_INFOPLIST_FILE = YES;
				INFOPLIST_FILE = DromTest/Application/Info.plist;
				INFOPLIST_KEY_UIApplicationSupportsIndirectInputEvents = YES;
				INFOPLIST_KEY_UILaunchStoryboardName = LaunchScreen;
				INFOPLIST_KEY_UISupportedInterfaceOrientations = "UIInterfaceOrientationLandscapeLeft UIInterfaceOrientationLandscapeRight UIInterfaceOrientationPortrait";
				IPHONEOS_DEPLOYMENT_TARGET = 16.0;
				LD_RUNPATH_SEARCH_PATHS = (
					"$(inherited)",
					"@executable_path/Frameworks",
				);
				MARKETING_VERSION = 1.0;
				PRODUCT_BUNDLE_IDENTIFIER = v.sklyarov.DromTest;
				PRODUCT_NAME = "$(TARGET_NAME)";
				STRING_CATALOG_GENERATE_SYMBOLS = YES;
				SUPPORTED_PLATFORMS = "iphoneos iphonesimulator";
				SUPPORTS_MACCATALYST = NO;
				SUPPORTS_MAC_DESIGNED_FOR_IPHONE_IPAD = NO;
				SUPPORTS_XR_DESIGNED_FOR_IPHONE_IPAD = NO;
				SWIFT_APPROACHABLE_CONCURRENCY = YES;
				SWIFT_DEFAULT_ACTOR_ISOLATION = MainActor;
				SWIFT_EMIT_LOC_STRINGS = YES;
				SWIFT_UPCOMING_FEATURE_MEMBER_IMPORT_VISIBILITY = YES;
				SWIFT_VERSION = 5.0;
				TARGETED_DEVICE_FAMILY = 1;
			};
			name = Debug;
		};
		1FA2BE0E2EB1E7F300028B3F /* Release */ = {
			isa = XCBuildConfiguration;
			buildSettings = {
				ASSETCATALOG_COMPILER_APPICON_NAME = AppIcon;
				ASSETCATALOG_COMPILER_GLOBAL_ACCENT_COLOR_NAME = AccentColor;
				CODE_SIGN_STYLE = Automatic;
				CURRENT_PROJECT_VERSION = 1;
				DEVELOPMENT_TEAM = 6PXD6WC3AQ;
				GENERATE_INFOPLIST_FILE = YES;
				INFOPLIST_FILE = DromTest/Application/Info.plist;
				INFOPLIST_KEY_UIApplicationSupportsIndirectInputEvents = YES;
				INFOPLIST_KEY_UILaunchStoryboardName = LaunchScreen;
				INFOPLIST_KEY_UISupportedInterfaceOrientations = "UIInterfaceOrientationLandscapeLeft UIInterfaceOrientationLandscapeRight UIInterfaceOrientationPortrait";
				IPHONEOS_DEPLOYMENT_TARGET = 16.0;
				LD_RUNPATH_SEARCH_PATHS = (
					"$(inherited)",
					"@executable_path/Frameworks",
				);
				MARKETING_VERSION = 1.0;
				PRODUCT_BUNDLE_IDENTIFIER = v.sklyarov.DromTest;
				PRODUCT_NAME = "$(TARGET_NAME)";
				STRING_CATALOG_GENERATE_SYMBOLS = YES;
				SUPPORTED_PLATFORMS = "iphoneos iphonesimulator";
				SUPPORTS_MACCATALYST = NO;
				SUPPORTS_MAC_DESIGNED_FOR_IPHONE_IPAD = NO;
				SUPPORTS_XR_DESIGNED_FOR_IPHONE_IPAD = NO;
				SWIFT_APPROACHABLE_CONCURRENCY = YES;
				SWIFT_DEFAULT_ACTOR_ISOLATION = MainActor;
				SWIFT_EMIT_LOC_STRINGS = YES;
				SWIFT_UPCOMING_FEATURE_MEMBER_IMPORT_VISIBILITY = YES;
				SWIFT_VERSION = 5.0;
				TARGETED_DEVICE_FAMILY = 1;
			};
			name = Release;
		};
		1FA2BE0F2EB1E7F300028B3F /* Debug */ = {
			isa = XCBuildConfiguration;
			buildSettings = {
				ALWAYS_SEARCH_USER_PATHS = NO;
				ASSETCATALOG_COMPILER_GENERATE_SWIFT_ASSET_SYMBOL_EXTENSIONS = YES;
				CLANG_ANALYZER_NONNULL = YES;
				CLANG_ANALYZER_NUMBER_OBJECT_CONVERSION = YES_AGGRESSIVE;
				CLANG_CXX_LANGUAGE_STANDARD = "gnu++20";
				CLANG_ENABLE_MODULES = YES;
				CLANG_ENABLE_OBJC_ARC = YES;
				CLANG_ENABLE_OBJC_WEAK = YES;
				CLANG_WARN_BLOCK_CAPTURE_AUTORELEASING = YES;
				CLANG_WARN_BOOL_CONVERSION = YES;
				CLANG_WARN_COMMA = YES;
				CLANG_WARN_CONSTANT_CONVERSION = YES;
				CLANG_WARN_DEPRECATED_OBJC_IMPLEMENTATIONS = YES;
				CLANG_WARN_DIRECT_OBJC_ISA_USAGE = YES_ERROR;
				CLANG_WARN_DOCUMENTATION_COMMENTS = YES;
				CLANG_WARN_EMPTY_BODY = YES;
				CLANG_WARN_ENUM_CONVERSION = YES;
				CLANG_WARN_INFINITE_RECURSION = YES;
				CLANG_WARN_INT_CONVERSION = YES;
				CLANG_WARN_NON_LITERAL_NULL_CONVERSION = YES;
				CLANG_WARN_OBJC_IMPLICIT_RETAIN_SELF = YES;
				CLANG_WARN_OBJC_LITERAL_CONVERSION = YES;
				CLANG_WARN_OBJC_ROOT_CLASS = YES_ERROR;
				CLANG_WARN_QUOTED_INCLUDE_IN_FRAMEWORK_HEADER = YES;
				CLANG_WARN_RANGE_LOOP_ANALYSIS = YES;
				CLANG_WARN_STRICT_PROTOTYPES = YES;
				CLANG_WARN_SUSPICIOUS_MOVE = YES;
				CLANG_WARN_UNGUARDED_AVAILABILITY = YES_AGGRESSIVE;
				CLANG_WARN_UNREACHABLE_CODE = YES;
				CLANG_WARN__DUPLICATE_METHOD_MATCH = YES;
				COPY_PHASE_STRIP = NO;
				DEBUG_INFORMATION_FORMAT = dwarf;
				DEVELOPMENT_TEAM = 6PXD6WC3AQ;
				ENABLE_STRICT_OBJC_MSGSEND = YES;
				ENABLE_TESTABILITY = YES;
				ENABLE_USER_SCRIPT_SANDBOXING = YES;
				GCC_C_LANGUAGE_STANDARD = gnu17;
				GCC_DYNAMIC_NO_PIC = NO;
				GCC_NO_COMMON_BLOCKS = YES;
				GCC_OPTIMIZATION_LEVEL = 0;
				GCC_PREPROCESSOR_DEFINITIONS = (
					"DEBUG=1",
					"$(inherited)",
				);
				GCC_WARN_64_TO_32_BIT_CONVERSION = YES;
				GCC_WARN_ABOUT_RETURN_TYPE = YES_ERROR;
				GCC_WARN_UNDECLARED_SELECTOR = YES;
				GCC_WARN_UNINITIALIZED_AUTOS = YES_AGGRESSIVE;
				GCC_WARN_UNUSED_FUNCTION = YES;
				GCC_WARN_UNUSED_VARIABLE = YES;
				IPHONEOS_DEPLOYMENT_TARGET = 26.0;
				LOCALIZATION_PREFERS_STRING_CATALOGS = YES;
				MTL_ENABLE_DEBUG_INFO = INCLUDE_SOURCE;
				MTL_FAST_MATH = YES;
				ONLY_ACTIVE_ARCH = YES;
				SDKROOT = iphoneos;
				SWIFT_ACTIVE_COMPILATION_CONDITIONS = "DEBUG $(inherited)";
				SWIFT_OPTIMIZATION_LEVEL = "-Onone";
			};
			name = Debug;
		};
		1FA2BE102EB1E7F300028B3F /* Release */ = {
			isa = XCBuildConfiguration;
			buildSettings = {
				ALWAYS_SEARCH_USER_PATHS = NO;
				ASSETCATALOG_COMPILER_GENERATE_SWIFT_ASSET_SYMBOL_EXTENSIONS = YES;
				CLANG_ANALYZER_NONNULL = YES;
				CLANG_ANALYZER_NUMBER_OBJECT_CONVERSION = YES_AGGRESSIVE;
				CLANG_CXX_LANGUAGE_STANDARD = "gnu++20";
				CLANG_ENABLE_MODULES = YES;
				CLANG_ENABLE_OBJC_ARC = YES;
				CLANG_ENABLE_OBJC_WEAK = YES;
				CLANG_WARN_BLOCK_CAPTURE_AUTORELEASING = YES;
				CLANG_WARN_BOOL_CONVERSION = YES;
				CLANG_WARN_COMMA = YES;
				CLANG_WARN_CONSTANT_CONVERSION = YES;
				CLANG_WARN_DEPRECATED_OBJC_IMPLEMENTATIONS = YES;
				CLANG_WARN_DIRECT_OBJC_ISA_USAGE = YES_ERROR;
				CLANG_WARN_DOCUMENTATION_COMMENTS = YES;
				CLANG_WARN_EMPTY_BODY = YES;
				CLANG_WARN_ENUM_CONVERSION = YES;
				CLANG_WARN_INFINITE_RECURSION = YES;
				CLANG_WARN_INT_CONVERSION = YES;
				CLANG_WARN_NON_LITERAL_NULL_CONVERSION = YES;
				CLANG_WARN_OBJC_IMPLICIT_RETAIN_SELF = YES;
				CLANG_WARN_OBJC_LITERAL_CONVERSION = YES;
				CLANG_WARN_OBJC_ROOT_CLASS = YES_ERROR;
				CLANG_WARN_QUOTED_INCLUDE_IN_FRAMEWORK_HEADER = YES;
				CLANG_WARN_RANGE_LOOP_ANALYSIS = YES;
				CLANG_WARN_STRICT_PROTOTYPES = YES;
				CLANG_WARN_SUSPICIOUS_MOVE = YES;
				CLANG_WARN_UNGUARDED_AVAILABILITY = YES_AGGRESSIVE;
				CLANG_WARN_UNREACHABLE_CODE = YES;
				CLANG_WARN__DUPLICATE_METHOD_MATCH = YES;
				COPY_PHASE_STRIP = NO;
				DEBUG_INFORMATION_FORMAT = "dwarf-with-dsym";
				DEVELOPMENT_TEAM = 6PXD6WC3AQ;
				ENABLE_NS_ASSERTIONS = NO;
				ENABLE_STRICT_OBJC_MSGSEND = YES;
				ENABLE_USER_SCRIPT_SANDBOXING = YES;
				GCC_C_LANGUAGE_STANDARD = gnu17;
				GCC_NO_COMMON_BLOCKS = YES;
				GCC_WARN_64_TO_32_BIT_CONVERSION = YES;
				GCC_WARN_ABOUT_RETURN_TYPE = YES_ERROR;
				GCC_WARN_UNDECLARED_SELECTOR = YES;
				GCC_WARN_UNINITIALIZED_AUTOS = YES_AGGRESSIVE;
				GCC_WARN_UNUSED_FUNCTION = YES;
				GCC_WARN_UNUSED_VARIABLE = YES;
				IPHONEOS_DEPLOYMENT_TARGET = 26.0;
				LOCALIZATION_PREFERS_STRING_CATALOGS = YES;
				MTL_ENABLE_DEBUG_INFO = NO;
				MTL_FAST_MATH = YES;
				SDKROOT = iphoneos;
				SWIFT_COMPILATION_MODE = wholemodule;
				VALIDATE_PRODUCT = YES;
			};
			name = Release;
		};
/* End XCBuildConfiguration section */

/* Begin XCConfigurationList section */
		1FA2BDF42EB1E7F100028B3F /* Build configuration list for PBXProject "DromTest" */ = {
			isa = XCConfigurationList;
			buildConfigurations = (
				1FA2BE0F2EB1E7F300028B3F /* Debug */,
				1FA2BE102EB1E7F300028B3F /* Release */,
			);
			defaultConfigurationIsVisible = 0;
			defaultConfigurationName = Release;
		};
		1FA2BE0C2EB1E7F300028B3F /* Build configuration list for PBXNativeTarget "DromTest" */ = {
			isa = XCConfigurationList;
			buildConfigurations = (
				1FA2BE0D2EB1E7F300028B3F /* Debug */,
				1FA2BE0E2EB1E7F300028B3F /* Release */,
			);
			defaultConfigurationIsVisible = 0;
			defaultConfigurationName = Release;
		};
/* End XCConfigurationList section */
	};
	rootObject = 1FA2BDF12EB1E7F100028B3F /* Project object */;
}
